
Microsoft Visual Studio Solution File, Format Version 12.00
Project("{FAE04EC0-301F-11D3-BF4B-00C04F79EFBC}") = "ODataQueryBuilder", "ODataQueryBuilder\ODataQueryBuilder.csproj", "{824E010A-0068-487F-91A2-39F146BA214A}"
EndProject
Global
	GlobalSection(SolutionConfigurationPlatforms) = preSolution
		Debug|Any CPU = Debug|Any CPU
		Release|Any CPU = Release|Any CPU
	EndGlobalSection
	GlobalSection(ProjectConfigurationPlatforms) = postSolution
		{824E010A-0068-487F-91A2-39F146BA214A}.Debug|Any CPU.ActiveCfg = Debug|Any CPU
		{824E010A-0068-487F-91A2-39F146BA214A}.Debug|Any CPU.Build.0 = Debug|Any CPU
		{824E010A-0068-487F-91A2-39F146BA214A}.Release|Any CPU.ActiveCfg = Release|Any CPU
		{824E010A-0068-487F-91A2-39F146BA214A}.Release|Any CPU.Build.0 = Release|Any CPU
	EndGlobalSection
EndGlobal
